// !$*UTF8*$!
{
	archiveVersion = 1;
	classes = {
	};
	objectVersion = 110;
	objects = {

/* Begin PBXContainerItemProxy section */
		8C710C653062877F00D6EB94 /* PBXContainerItemProxy */ = {
			isa = PBXContainerItemProxy;
			containerPortal = 8C710C4D3062877E00D6EB94 /* Project object */;
			proxyType = 1;
			remoteGlobalIDString = 8C710C543062877E00D6EB94;
			remoteInfo = LEVELUP;
		};
		8C710C6F3062877F00D6EB94 /* PBXContainerItemProxy */ = {
			isa = PBXContainerItemProxy;
			containerPortal = 8C710C4D3062877E00D6EB94 /* Project object */;
			proxyType = 1;
			remoteGlobalIDString = 8C710C543062877E00D6EB94;
			remoteInfo = LEVELUP;
		};
/* End PBXContainerItemProxy section */

/* Begin PBXFileReference section */
		8C710C553062877E00D6EB94 /* LEVELUP.app */ = {isa = PBXFileReference; explicitFileType = wrapper.application; includeInIndex = 0; path = LEVELUP.app; sourceTree = BUILT_PRODUCTS_DIR; };
		8C710C643062877F00D6EB94 /* LEVELUPTests.xctest */ = {isa = PBXFileReference; explicitFileType = wrapper.cfbundle; includeInIndex = 0; path = LEVELUPTests.xctest; sourceTree = BUILT_PRODUCTS_DIR; };
		8C710C6E3062877F00D6EB94 /* LEVELUPUITests.xctest */ = {isa = PBXFileReference; explicitFileType = wrapper.cfbundle; includeInIndex = 0; path = LEVELUPUITests.xctest; sourceTree = BUILT_PRODUCTS_DIR; };
/* End PBXFileReference section */

/* Begin PBXFileSystemSynchronizedRootGroup section */
		8C710C573062877E00D6EB94 /* LEVELUP */ = {
			isa = PBXFileSystemSynchronizedRootGroup;
			path = LEVELUP;
			sourceTree = "<group>";
		};
		8C710C673062877F00D6EB94 /* LEVELUPTests */ = {
			isa = PBXFileSystemSynchronizedRootGroup;
			path = LEVELUPTests;
			sourceTree = "<group>";
		};
		8C710C713062877F00D6EB94 /* LEVELUPUITests */ = {
			isa = PBXFileSystemSynchronizedRootGroup;
			path = LEVELUPUITests;
			sourceTree = "<group>";
		};
/* End PBXFileSystemSynchronizedRootGroup section */

/* Begin PBXFrameworksBuildPhase section */
		8C710C523062877E00D6EB94 /* Frameworks */ = {
			isa = PBXFrameworksBuildPhase;
			files = (
			);
		};
		8C710C613062877F00D6EB94 /* Frameworks */ = {
			isa = PBXFrameworksBuildPhase;
			files = (
			);
		};
		8C710C6B3062877F00D6EB94 /* Frameworks */ = {
			isa = PBXFrameworksBuildPhase;
			files = (
			);
		};
/* End PBXFrameworksBuildPhase section */

/* Begin PBXGroup section */
		8C710C4C3062877E00D6EB94 = {
			isa = PBXGroup;
			children = (
				8C710C573062877E00D6EB94 /* LEVELUP */,
				8C710C673062877F00D6EB94 /* LEVELUPTests */,
				8C710C713062877F00D6EB94 /* LEVELUPUITests */,
				8C710C563062877E00D6EB94 /* Products */,
			);
			sourceTree = "<group>";
		};
		8C710C563062877E00D6EB94 /* Products */ = {
			isa = PBXGroup;
			children = (
				8C710C553062877E00D6EB94 /* LEVELUP.app */,
				8C710C643062877F00D6EB94 /* LEVELUPTests.xctest */,
				8C710C6E3062877F00D6EB94 /* LEVELUPUITests.xctest */,
			);
			name = Products;
			sourceTree = "<group>";
		};
/* End PBXGroup section */

/* Begin PBXNativeTarget section */
		8C710C543062877E00D6EB94 /* LEVELUP */ = {
			isa = PBXNativeTarget;
			buildConfigurationList = 8C710C763062877F00D6EB94 /* Build configuration list for PBXNativeTarget "LEVELUP" */;
			buildPhases = (
				8C710C513062877E00D6EB94 /* Sources */,
				8C710C523062877E00D6EB94 /* Frameworks */,
				8C710C533062877E00D6EB94 /* Resources */,
			);
			buildRules = (
			);
			fileSystemSynchronizedGroups = (
				8C710C573062877E00D6EB94 /* LEVELUP */,
			);
			name = LEVELUP;
			productName = LEVELUP;
			productReference = 8C710C553062877E00D6EB94 /* LEVELUP.app */;
			productType = "com.apple.product-type.application";
		};
		8C710C633062877F00D6EB94 /* LEVELUPTests */ = {
			isa = PBXNativeTarget;
			buildConfigurationList = 8C710C793062877F00D6EB94 /* Build configuration list for PBXNativeTarget "LEVELUPTests" */;
			buildPhases = (
				8C710C603062877F00D6EB94 /* Sources */,
				8C710C613062877F00D6EB94 /* Frameworks */,
				8C710C623062877F00D6EB94 /* Resources */,
			);
			buildRules = (
			);
			dependencies = (
				8C710C663062877F00D6EB94 /* PBXTargetDependency */,
			);
			fileSystemSynchronizedGroups = (
				8C710C673062877F00D6EB94 /* LEVELUPTests */,
			);
			name = LEVELUPTests;
			productName = LEVELUPTests;
			productReference = 8C710C643062877F00D6EB94 /* LEVELUPTests.xctest */;
			productType = "com.apple.product-type.bundle.unit-test";
		};
		8C710C6D3062877F00D6EB94 /* LEVELUPUITests */ = {
			isa = PBXNativeTarget;
			buildConfigurationList = 8C710C7C3062877F00D6EB94 /* Build configuration list for PBXNativeTarget "LEVELUPUITests" */;
			buildPhases = (
				8C710C6A3062877F00D6EB94 /* Sources */,
				8C710C6B3062877F00D6EB94 /* Frameworks */,
				8C710C6C3062877F00D6EB94 /* Resources */,
			);
			buildRules = (
			);
			dependencies = (
				8C710C703062877F00D6EB94 /* PBXTargetDependency */,
			);
			fileSystemSynchronizedGroups = (
				8C710C713062877F00D6EB94 /* LEVELUPUITests */,
			);
			name = LEVELUPUITests;
			productName = LEVELUPUITests;
			productReference = 8C710C6E3062877F00D6EB94 /* LEVELUPUITests.xctest */;
			productType = "com.apple.product-type.bundle.ui-testing";
		};
/* End PBXNativeTarget section */

/* Begin PBXProject section */
		8C710C4D3062877E00D6EB94 /* Project object */ = {
			isa = PBXProject;
			attributes = {
				BuildIndependentTargetsInParallel = 1;
				LastSwiftUpdateCheck = 2700;
				LastUpgradeCheck = 2700;
				TargetAttributes = {
					8C710C543062877E00D6EB94 = {
						CreatedOnToolsVersion = 27.0;
					};
					8C710C633062877F00D6EB94 = {
						CreatedOnToolsVersion = 27.0;
						TestTargetID = 8C710C543062877E00D6EB94;
					};
					8C710C6D3062877F00D6EB94 = {
						CreatedOnToolsVersion = 27.0;
						TestTargetID = 8C710C543062877E00D6EB94;
					};
				};
			};
			buildConfigurationList = 8C710C503062877E00D6EB94 /* Build configuration list for PBXProject "LEVELUP" */;
			developmentRegion = en;
			hasScannedForEncodings = 0;
			knownRegions = (
				en,
				Base,
			);
			mainGroup = 8C710C4C3062877E00D6EB94;
			minimizedProjectReferenceProxies = 1;
			preferredProjectObjectVersion = 77;
			productRefGroup = 8C710C563062877E00D6EB94 /* Products */;
			projectDirPath = "";
			projectRoot = "";
			targets = (
				8C710C543062877E00D6EB94 /* LEVELUP */,
				8C710C633062877F00D6EB94 /* LEVELUPTests */,
				8C710C6D3062877F00D6EB94 /* LEVELUPUITests */,
			);
		};
/* End PBXProject section */

/* Begin PBXResourcesBuildPhase section */
		8C710C533062877E00D6EB94 /* Resources */ = {
			isa = PBXResourcesBuildPhase;
			files = (
			);
		};
		8C710C623062877F00D6EB94 /* Resources */ = {
			isa = PBXResourcesBuildPhase;
			files = (
			);
		};
		8C710C6C3062877F00D6EB94 /* Resources */ = {
			isa = PBXResourcesBuildPhase;
			files = (
			);
		};
/* End PBXResourcesBuildPhase section */

/* Begin PBXSourcesBuildPhase section */
		8C710C513062877E00D6EB94 /* Sources */ = {
			isa = PBXSourcesBuildPhase;
			files = (
			);
		};
		8C710C603062877F00D6EB94 /* Sources */ = {
			isa = PBXSourcesBuildPhase;
			files = (
			);
		};
		8C710C6A3062877F00D6EB94 /* Sources */ = {
			isa = PBXSourcesBuildPhase;
			files = (
			);
		};
/* End PBXSourcesBuildPhase section */

/* Begin PBXTargetDependency section */
		8C710C663062877F00D6EB94 /* PBXTargetDependency */ = {
			isa = PBXTargetDependency;
			target = 8C710C543062877E00D6EB94 /* LEVELUP */;
			targetProxy = 8C710C653062877F00D6EB94 /* PBXContainerItemProxy */;
		};
		8C710C703062877F00D6EB94 /* PBXTargetDependency */ = {
			isa = PBXTargetDependency;
			target = 8C710C543062877E00D6EB94 /* LEVELUP */;
			targetProxy = 8C710C6F3062877F00D6EB94 /* PBXContainerItemProxy */;
		};
/* End PBXTargetDependency section */

/* Begin XCBuildConfiguration section */
		8C710C743062877F00D6EB94 /* Debug configuration for PBXProject "LEVELUP" */ = {
			isa = XCBuildConfiguration;
			buildSettings = {
				ALWAYS_SEARCH_USER_PATHS = NO;
				ASSETCATALOG_COMPILER_GENERATE_SWIFT_ASSET_SYMBOL_EXTENSIONS = YES;
				CLANG_ANALYZER_NONNULL = YES;
				CLANG_ANALYZER_NUMBER_OBJECT_CONVERSION = YES_AGGRESSIVE;
				CLANG_CXX_LANGUAGE_STANDARD = "gnu++20";
				CLANG_ENABLE_MODULES = YES;
				CLANG_ENABLE_OBJC_ARC = YES;
				CLANG_ENABLE_OBJC_WEAK = YES;
				CLANG_WARN_BLOCK_CAPTURE_AUTORELEASING = YES;
				CLANG_WARN_BOOL_CONVERSION = YES;
				CLANG_WARN_COMMA = YES;
				CLANG_WARN_CONSTANT_CONVERSION = YES;
				CLANG_WARN_DEPRECATED_OBJC_IMPLEMENTATIONS = YES;
				CLANG_WARN_DIRECT_OBJC_ISA_USAGE = YES_ERROR;
				CLANG_WARN_DOCUMENTATION_COMMENTS = YES;
				CLANG_WARN_EMPTY_BODY = YES;
				CLANG_WARN_ENUM_CONVERSION = YES;
				CLANG_WARN_INFINITE_RECURSION = YES;
				CLANG_WARN_INT_CONVERSION = YES;
				CLANG_WARN_NON_LITERAL_NULL_CONVERSION = YES;
				CLANG_WARN_OBJC_IMPLICIT_RETAIN_SELF = YES;
				CLANG_WARN_OBJC_LITERAL_CONVERSION = YES;
				CLANG_WARN_OBJC_ROOT_CLASS = YES_ERROR;
				CLANG_WARN_QUOTED_INCLUDE_IN_FRAMEWORK_HEADER = YES;
				CLANG_WARN_RANGE_LOOP_ANALYSIS = YES;
				CLANG_WARN_STRICT_PROTOTYPES = YES;
				CLANG_WARN_SUSPICIOUS_MOVE = YES;
				CLANG_WARN_UNGUARDED_AVAILABILITY = YES_AGGRESSIVE;
				CLANG_WARN_UNREACHABLE_CODE = YES;
				CLANG_WARN__DUPLICATE_METHOD_MATCH = YES;
				COPY_PHASE_STRIP = NO;
				DEBUG_INFORMATION_FORMAT = dwarf;
				ENABLE_STRICT_OBJC_MSGSEND = YES;
				ENABLE_TESTABILITY = YES;
				ENABLE_USER_SCRIPT_SANDBOXING = YES;
				GCC_C_LANGUAGE_STANDARD = gnu17;
				GCC_DYNAMIC_NO_PIC = NO;
				GCC_NO_COMMON_BLOCKS = YES;
				GCC_OPTIMIZATION_LEVEL = 0;
				GCC_PREPROCESSOR_DEFINITIONS = (
					"DEBUG=1",
					"$(inherited)",
				);
				GCC_WARN_64_TO_32_BIT_CONVERSION = YES;
				GCC_WARN_ABOUT_RETURN_TYPE = YES_ERROR;
				GCC_WARN_UNDECLARED_SELECTOR = YES;
				GCC_WARN_UNINITIALIZED_AUTOS = YES_AGGRESSIVE;
				GCC_WARN_UNUSED_FUNCTION = YES;
				GCC_WARN_UNUSED_VARIABLE = YES;
				LOCALIZATION_PREFERS_STRING_CATALOGS = YES;
				MTL_ENABLE_DEBUG_INFO = INCLUDE_SOURCE;
				MTL_FAST_MATH = YES;
				ONLY_ACTIVE_ARCH = YES;
				SWIFT_ACTIVE_COMPILATION_CONDITIONS = "DEBUG $(inherited)";
				SWIFT_OPTIMIZATION_LEVEL = "-Onone";
			};
			name = Debug;
		};
		8C710C753062877F00D6EB94 /* Release configuration for PBXProject "LEVELUP" */ = {
			isa = XCBuildConfiguration;
			buildSettings = {
				ALWAYS_SEARCH_USER_PATHS = NO;
				ASSETCATALOG_COMPILER_GENERATE_SWIFT_ASSET_SYMBOL_EXTENSIONS = YES;
				CLANG_ANALYZER_NONNULL = YES;
				CLANG_ANALYZER_NUMBER_OBJECT_CONVERSION = YES_AGGRESSIVE;
				CLANG_CXX_LANGUAGE_STANDARD = "gnu++20";
				CLANG_ENABLE_MODULES = YES;
				CLANG_ENABLE_OBJC_ARC = YES;
				CLANG_ENABLE_OBJC_WEAK = YES;
				CLANG_WARN_BLOCK_CAPTURE_AUTORELEASING = YES;
				CLANG_WARN_BOOL_CONVERSION = YES;
				CLANG_WARN_COMMA = YES;
				CLANG_WARN_CONSTANT_CONVERSION = YES;
				CLANG_WARN_DEPRECATED_OBJC_IMPLEMENTATIONS = YES;
				CLANG_WARN_DIRECT_OBJC_ISA_USAGE = YES_ERROR;
				CLANG_WARN_DOCUMENTATION_COMMENTS = YES;
				CLANG_WARN_EMPTY_BODY = YES;
				CLANG_WARN_ENUM_CONVERSION = YES;
				CLANG_WARN_INFINITE_RECURSION = YES;
				CLANG_WARN_INT_CONVERSION = YES;
				CLANG_WARN_NON_LITERAL_NULL_CONVERSION = YES;
				CLANG_WARN_OBJC_IMPLICIT_RETAIN_SELF = YES;
				CLANG_WARN_OBJC_LITERAL_CONVERSION = YES;
				CLANG_WARN_OBJC_ROOT_CLASS = YES_ERROR;
				CLANG_WARN_QUOTED_INCLUDE_IN_FRAMEWORK_HEADER = YES;
				CLANG_WARN_RANGE_LOOP_ANALYSIS = YES;
				CLANG_WARN_STRICT_PROTOTYPES = YES;
				CLANG_WARN_SUSPICIOUS_MOVE = YES;
				CLANG_WARN_UNGUARDED_AVAILABILITY = YES_AGGRESSIVE;
				CLANG_WARN_UNREACHABLE_CODE = YES;
				CLANG_WARN__DUPLICATE_METHOD_MATCH = YES;
				COPY_PHASE_STRIP = NO;
				DEBUG_INFORMATION_FORMAT = "dwarf-with-dsym";
				ENABLE_NS_ASSERTIONS = NO;
				ENABLE_STRICT_OBJC_MSGSEND = YES;
				ENABLE_USER_SCRIPT_SANDBOXING = YES;
				GCC_C_LANGUAGE_STANDARD = gnu17;
				GCC_NO_COMMON_BLOCKS = YES;
				GCC_WARN_64_TO_32_BIT_CONVERSION = YES;
				GCC_WARN_ABOUT_RETURN_TYPE = YES_ERROR;
				GCC_WARN_UNDECLARED_SELECTOR = YES;
				GCC_WARN_UNINITIALIZED_AUTOS = YES_AGGRESSIVE;
				GCC_WARN_UNUSED_FUNCTION = YES;
				GCC_WARN_UNUSED_VARIABLE = YES;
				LOCALIZATION_PREFERS_STRING_CATALOGS = YES;
				MTL_ENABLE_DEBUG_INFO = NO;
				MTL_FAST_MATH = YES;
				SWIFT_COMPILATION_MODE = wholemodule;
			};
			name = Release;
		};
		8C710C773062877F00D6EB94 /* Debug configuration for PBXNativeTarget "LEVELUP" */ = {
			isa = XCBuildConfiguration;
			buildSettings = {
				ASSETCATALOG_COMPILER_APPICON_NAME = AppIcon;
				ASSETCATALOG_COMPILER_GLOBAL_ACCENT_COLOR_NAME = AccentColor;
				CODE_SIGN_STYLE = Automatic;
				CURRENT_PROJECT_VERSION = 1;
				DEVELOPMENT_TEAM = X2KYGL3XB9;
				ENABLE_APP_SANDBOX = YES;
				ENABLE_PREVIEWS = YES;
				ENABLE_USER_SELECTED_FILES = readonly;
				GENERATE_INFOPLIST_FILE = YES;
				"INFOPLIST_KEY_UIApplicationSceneManifest_Generation[sdk=iphoneos*]" = YES;
				"INFOPLIST_KEY_UIApplicationSceneManifest_Generation[sdk=iphonesimulator*]" = YES;
				"INFOPLIST_KEY_UIApplicationSupportsIndirectInputEvents[sdk=iphoneos*]" = YES;
				"INFOPLIST_KEY_UIApplicationSupportsIndirectInputEvents[sdk=iphonesimulator*]" = YES;
				"INFOPLIST_KEY_UILaunchScreen_Generation[sdk=iphoneos*]" = YES;
				"INFOPLIST_KEY_UILaunchScreen_Generation[sdk=iphonesimulator*]" = YES;
				"INFOPLIST_KEY_UIStatusBarStyle[sdk=iphoneos*]" = UIStatusBarStyleDefault;
				"INFOPLIST_KEY_UIStatusBarStyle[sdk=iphonesimulator*]" = UIStatusBarStyleDefault;
				INFOPLIST_KEY_UISupportedInterfaceOrientations_iPad = "UIInterfaceOrientationPortrait UIInterfaceOrientationPortraitUpsideDown UIInterfaceOrientationLandscapeLeft UIInterfaceOrientationLandscapeRight";
				INFOPLIST_KEY_UISupportedInterfaceOrientations_iPhone = "UIInterfaceOrientationPortrait UIInterfaceOrientationLandscapeLeft UIInterfaceOrientationLandscapeRight";
				IPHONEOS_DEPLOYMENT_TARGET = 18.6;
				LD_RUNPATH_SEARCH_PATHS = "@executable_path/Frameworks";
				"LD_RUNPATH_SEARCH_PATHS[sdk=macosx*]" = "@executable_path/../Frameworks";
				MACOSX_DEPLOYMENT_TARGET = 26.6;
				MARKETING_VERSION = 1.0;
				PRODUCT_BUNDLE_IDENTIFIER = com.ashen.LEVELUP;
				PRODUCT_NAME = "$(TARGET_NAME)";
				REGISTER_APP_GROUPS = YES;
				SDKROOT = auto;
				STRING_CATALOG_GENERATE_SYMBOLS = YES;
				SUPPORTED_PLATFORMS = "iphoneos iphonesimulator macosx xros xrsimulator";
				SWIFT_APPROACHABLE_CONCURRENCY = YES;
				SWIFT_DEFAULT_ACTOR_ISOLATION = MainActor;
				SWIFT_EMIT_LOC_STRINGS = YES;
				SWIFT_UPCOMING_FEATURE_MEMBER_IMPORT_VISIBILITY = YES;
				SWIFT_VERSION = 5.0;
				TARGETED_DEVICE_FAMILY = "1,2,7";
				XROS_DEPLOYMENT_TARGET = 27.0;
			};
			name = Debug;
		};
		8C710C783062877F00D6EB94 /* Release configuration for PBXNativeTarget "LEVELUP" */ = {
			isa = XCBuildConfiguration;
			buildSettings = {
				ASSETCATALOG_COMPILER_APPICON_NAME = AppIcon;
				ASSETCATALOG_COMPILER_GLOBAL_ACCENT_COLOR_NAME = AccentColor;
				CODE_SIGN_STYLE = Automatic;
				CURRENT_PROJECT_VERSION = 1;
				DEVELOPMENT_TEAM = X2KYGL3XB9;
				ENABLE_APP_SANDBOX = YES;
				ENABLE_PREVIEWS = YES;
				ENABLE_USER_SELECTED_FILES = readonly;
				GENERATE_INFOPLIST_FILE = YES;
				"INFOPLIST_KEY_UIApplicationSceneManifest_Generation[sdk=iphoneos*]" = YES;
				"INFOPLIST_KEY_UIApplicationSceneManifest_Generation[sdk=iphonesimulator*]" = YES;
				"INFOPLIST_KEY_UIApplicationSupportsIndirectInputEvents[sdk=iphoneos*]" = YES;
				"INFOPLIST_KEY_UIApplicationSupportsIndirectInputEvents[sdk=iphonesimulator*]" = YES;
				"INFOPLIST_KEY_UILaunchScreen_Generation[sdk=iphoneos*]" = YES;
				"INFOPLIST_KEY_UILaunchScreen_Generation[sdk=iphonesimulator*]" = YES;
				"INFOPLIST_KEY_UIStatusBarStyle[sdk=iphoneos*]" = UIStatusBarStyleDefault;
				"INFOPLIST_KEY_UIStatusBarStyle[sdk=iphonesimulator*]" = UIStatusBarStyleDefault;
				INFOPLIST_KEY_UISupportedInterfaceOrientations_iPad = "UIInterfaceOrientationPortrait UIInterfaceOrientationPortraitUpsideDown UIInterfaceOrientationLandscapeLeft UIInterfaceOrientationLandscapeRight";
				INFOPLIST_KEY_UISupportedInterfaceOrientations_iPhone = "UIInterfaceOrientationPortrait UIInterfaceOrientationLandscapeLeft UIInterfaceOrientationLandscapeRight";
				IPHONEOS_DEPLOYMENT_TARGET = 18.6;
				LD_RUNPATH_SEARCH_PATHS = "@executable_path/Frameworks";
				"LD_RUNPATH_SEARCH_PATHS[sdk=macosx*]" = "@executable_path/../Frameworks";
				MACOSX_DEPLOYMENT_TARGET = 26.6;
				MARKETING_VERSION = 1.0;
				PRODUCT_BUNDLE_IDENTIFIER = com.ashen.LEVELUP;
				PRODUCT_NAME = "$(TARGET_NAME)";
				REGISTER_APP_GROUPS = YES;
				SDKROOT = auto;
				STRING_CATALOG_GENERATE_SYMBOLS = YES;
				SUPPORTED_PLATFORMS = "iphoneos iphonesimulator macosx xros xrsimulator";
				SWIFT_APPROACHABLE_CONCURRENCY = YES;
				SWIFT_DEFAULT_ACTOR_ISOLATION = MainActor;
				SWIFT_EMIT_LOC_STRINGS = YES;
				SWIFT_UPCOMING_FEATURE_MEMBER_IMPORT_VISIBILITY = YES;
				SWIFT_VERSION = 5.0;
				TARGETED_DEVICE_FAMILY = "1,2,7";
				XROS_DEPLOYMENT_TARGET = 27.0;
			};
			name = Release;
		};
		8C710C7A3062877F00D6EB94 /* Debug configuration for PBXNativeTarget "LEVELUPTests" */ = {
			isa = XCBuildConfiguration;
			buildSettings = {
				BUNDLE_LOADER = "$(TEST_HOST)";
				CODE_SIGN_STYLE = Automatic;
				CURRENT_PROJECT_VERSION = 1;
				GENERATE_INFOPLIST_FILE = YES;
				IPHONEOS_DEPLOYMENT_TARGET = 27.0;
				MACOSX_DEPLOYMENT_TARGET = 26.6;
				MARKETING_VERSION = 1.0;
				PRODUCT_BUNDLE_IDENTIFIER = com.ashen.LEVELUPTests;
				PRODUCT_NAME = "$(TARGET_NAME)";
				SDKROOT = auto;
				STRING_CATALOG_GENERATE_SYMBOLS = NO;
				SUPPORTED_PLATFORMS = "iphoneos iphonesimulator macosx xros xrsimulator";
				SWIFT_APPROACHABLE_CONCURRENCY = YES;
				SWIFT_EMIT_LOC_STRINGS = NO;
				SWIFT_UPCOMING_FEATURE_MEMBER_IMPORT_VISIBILITY = YES;
				SWIFT_VERSION = 5.0;
				TARGETED_DEVICE_FAMILY = "1,2,7";
				TEST_HOST = "$(BUILT_PRODUCTS_DIR)/LEVELUP.app/$(BUNDLE_EXECUTABLE_FOLDER_PATH)/LEVELUP";
				XROS_DEPLOYMENT_TARGET = 27.0;
			};
			name = Debug;
		};
		8C710C7B3062877F00D6EB94 /* Release configuration for PBXNativeTarget "LEVELUPTests" */ = {
			isa = XCBuildConfiguration;
			buildSettings = {
				BUNDLE_LOADER = "$(TEST_HOST)";
				CODE_SIGN_STYLE = Automatic;
				CURRENT_PROJECT_VERSION = 1;
				GENERATE_INFOPLIST_FILE = YES;
				IPHONEOS_DEPLOYMENT_TARGET = 27.0;
				MACOSX_DEPLOYMENT_TARGET = 26.6;
				MARKETING_VERSION = 1.0;
				PRODUCT_BUNDLE_IDENTIFIER = com.ashen.LEVELUPTests;
				PRODUCT_NAME = "$(TARGET_NAME)";
				SDKROOT = auto;
				STRING_CATALOG_GENERATE_SYMBOLS = NO;
				SUPPORTED_PLATFORMS = "iphoneos iphonesimulator macosx xros xrsimulator";
				SWIFT_APPROACHABLE_CONCURRENCY = YES;
				SWIFT_EMIT_LOC_STRINGS = NO;
				SWIFT_UPCOMING_FEATURE_MEMBER_IMPORT_VISIBILITY = YES;
				SWIFT_VERSION = 5.0;
				TARGETED_DEVICE_FAMILY = "1,2,7";
				TEST_HOST = "$(BUILT_PRODUCTS_DIR)/LEVELUP.app/$(BUNDLE_EXECUTABLE_FOLDER_PATH)/LEVELUP";
				XROS_DEPLOYMENT_TARGET = 27.0;
			};
			name = Release;
		};
		8C710C7D3062877F00D6EB94 /* Debug configuration for PBXNativeTarget "LEVELUPUITests" */ = {
			isa = XCBuildConfiguration;
			buildSettings = {
				CODE_SIGN_STYLE = Automatic;
				CURRENT_PROJECT_VERSION = 1;
				GENERATE_INFOPLIST_FILE = YES;
				IPHONEOS_DEPLOYMENT_TARGET = 27.0;
				MACOSX_DEPLOYMENT_TARGET = 26.6;
				MARKETING_VERSION = 1.0;
				PRODUCT_BUNDLE_IDENTIFIER = com.ashen.LEVELUPUITests;
				PRODUCT_NAME = "$(TARGET_NAME)";
				SDKROOT = auto;
				STRING_CATALOG_GENERATE_SYMBOLS = NO;
				SUPPORTED_PLATFORMS = "iphoneos iphonesimulator macosx xros xrsimulator";
				SWIFT_APPROACHABLE_CONCURRENCY = YES;
				SWIFT_EMIT_LOC_STRINGS = NO;
				SWIFT_UPCOMING_FEATURE_MEMBER_IMPORT_VISIBILITY = YES;
				SWIFT_VERSION = 5.0;
				TARGETED_DEVICE_FAMILY = "1,2,7";
				TEST_TARGET_NAME = LEVELUP;
				XROS_DEPLOYMENT_TARGET = 27.0;
			};
			name = Debug;
		};
		8C710C7E3062877F00D6EB94 /* Release configuration for PBXNativeTarget "LEVELUPUITests" */ = {
			isa = XCBuildConfiguration;
			buildSettings = {
				CODE_SIGN_STYLE = Automatic;
				CURRENT_PROJECT_VERSION = 1;
				GENERATE_INFOPLIST_FILE = YES;
				IPHONEOS_DEPLOYMENT_TARGET = 27.0;
				MACOSX_DEPLOYMENT_TARGET = 26.6;
				MARKETING_VERSION = 1.0;
				PRODUCT_BUNDLE_IDENTIFIER = com.ashen.LEVELUPUITests;
				PRODUCT_NAME = "$(TARGET_NAME)";
				SDKROOT = auto;
				STRING_CATALOG_GENERATE_SYMBOLS = NO;
				SUPPORTED_PLATFORMS = "iphoneos iphonesimulator macosx xros xrsimulator";
				SWIFT_APPROACHABLE_CONCURRENCY = YES;
				SWIFT_EMIT_LOC_STRINGS = NO;
				SWIFT_UPCOMING_FEATURE_MEMBER_IMPORT_VISIBILITY = YES;
				SWIFT_VERSION = 5.0;
				TARGETED_DEVICE_FAMILY = "1,2,7";
				TEST_TARGET_NAME = LEVELUP;
				XROS_DEPLOYMENT_TARGET = 27.0;
			};
			name = Release;
		};
/* End XCBuildConfiguration section */

/* Begin XCConfigurationList section */
		8C710C503062877E00D6EB94 /* Build configuration list for PBXProject "LEVELUP" */ = {
			isa = XCConfigurationList;
			buildConfigurations = (
				8C710C743062877F00D6EB94 /* Debug configuration for PBXProject "LEVELUP" */,
				8C710C753062877F00D6EB94 /* Release configuration for PBXProject "LEVELUP" */,
			);
			defaultConfigurationName = Release;
		};
		8C710C763062877F00D6EB94 /* Build configuration list for PBXNativeTarget "LEVELUP" */ = {
			isa = XCConfigurationList;
			buildConfigurations = (
				8C710C773062877F00D6EB94 /* Debug configuration for PBXNativeTarget "LEVELUP" */,
				8C710C783062877F00D6EB94 /* Release configuration for PBXNativeTarget "LEVELUP" */,
			);
			defaultConfigurationName = Release;
		};
		8C710C793062877F00D6EB94 /* Build configuration list for PBXNativeTarget "LEVELUPTests" */ = {
			isa = XCConfigurationList;
			buildConfigurations = (
				8C710C7A3062877F00D6EB94 /* Debug configuration for PBXNativeTarget "LEVELUPTests" */,
				8C710C7B3062877F00D6EB94 /* Release configuration for PBXNativeTarget "LEVELUPTests" */,
			);
			defaultConfigurationName = Release;
		};
		8C710C7C3062877F00D6EB94 /* Build configuration list for PBXNativeTarget "LEVELUPUITests" */ = {
			isa = XCConfigurationList;
			buildConfigurations = (
				8C710C7D3062877F00D6EB94 /* Debug configuration for PBXNativeTarget "LEVELUPUITests" */,
				8C710C7E3062877F00D6EB94 /* Release configuration for PBXNativeTarget "LEVELUPUITests" */,
			);
			defaultConfigurationName = Release;
		};
/* End XCConfigurationList section */
	};
	rootObject = 8C710C4D3062877E00D6EB94 /* Project object */;
	validationLevel = 1;
}
